github.com/awoo-detat/awoo v0.0.0-20201008135315-d92090fa7168/go.mod h1:XnojVHsM5nUHCLivHJuAGDorH4VVTlJRrwgo/S/yffM=
github.com/awoo-detat/werewolf v0.1.0 h1:g/igQLgMUabfOfpxCVankpDTFY0m3/u1TgrGUOA8a+U=
github.com/awoo-detat/werewolf v0.1.0/go.mod h1:r0l6poKFBEetGaKYjWLXUzOVDBOW/IdR38Sgg+07rEM=
github.com/awoo-detat/werewolf v0.5.0 h1:6jbz1UZ4D0F7aXlvMihdM1vaStYTXv6bpVHIQqy999E=
github.com/awoo-detat/werewolf v0.5.0/go.mod h1:gdtOLcbt1I2QBRa78Of5zKWGSV4lwgZhSg/y4BjpQl0=
github.com/awoo-detat/werewolf v0.6.0 h1:yFeqtdCZ2oxBkQcb/BHM5HBpeFJGhEjcnD3t/uXfVmQ=
github.com/awoo-detat/werewolf v0.6.0/go.mod h1:gdtOLcbt1I2QBRa78Of5zKWGSV4lwgZhSg/y4BjpQl0=
github.com/awoo-detat/werewolf v0.7.0 h1:FpMzyiOc7HLNYr5OOI8xYXEjMr4q9rZOTwOJysJ5ZCM=
github.com/awoo-detat/werewolf v0.7.0/go.mod h1:QMCWCNOJDxT/skLzt1VBQ4wgoRHdm0LZNs9A07J0gz0=
github.com/awoo-detat/werewolf v0.8.0 h1:apm6icivjpHZcRVS4GMPq8uRxb66jDxrVq3Aa6EDO/w=
github.com/awoo-detat/werewolf v0.8.0/go.mod h1:QMCWCNOJDxT/skLzt1VBQ4wgoRHdm0LZNs9A07J0gz0=
github.com/awoo-detat/werewolf v0.8.1 h1:DhQNVNPnH1eteL3gvlVQ8HCDOByFHfGWC0Vj/SKQSDU=
github.com/awoo-detat/werewolf v0.8.1/go.mod h1:5JXdPsW6R/2+GU5Us6NdFSbmKWxxBlKhKXGZZg2JL9U=
github.com/awoo-detat/werewolf v0.9.0 h1:Zb1evAK2Z+P8RPPf4o2u5vu+Y/vOO2gfV0BGntyopIs=
github.com/awoo-detat/werewolf v0.9.0/go.mod h1:5JXdPsW6R/2+GU5Us6NdFSbmKWxxBlKhKXGZZg2JL9U=
github.com/awoo-detat/werewolf v0.10.0 h1:v4AbEhXYnKBsvFzLnX/bAe89NARKp9JplPmD7N4DbKw=
github.com/awoo-detat/werewolf v0.10.0/go.mod h1:5JXdPsW6R/2+GU5Us6NdFSbmKWxxBlKhKXGZZg2JL9U=
github.com/awoo-detat/werewolf v0.11.0 h1:nglAkiuonniovARF/qAwrJhlwlR/GXaRnrSbyRXrLv8=
github.com/awoo-detat/werewolf v0.11.0/go.mod h1:5JXdPsW6R/2+GU5Us6NdFSbmKWxxBlKhKXGZZg2JL9U=
github.com/awoo-detat/werewolf v0.11.1 h1:EPE+6pHLQK8BU/scD5zCEoiIUFh5TGLb0T7Vsi9x4E4=
github.com/awoo-detat/werewolf v0.11.1/go.mod h1:5JXdPsW6R/2+GU5Us6NdFSbmKWxxBlKhKXGZZg2JL9U=
github.com/awoo-detat/werewolf v0.12.0 h1:8MtRMcnVqL4SetDN5Xc0tyd/1xDSg6TBlaYIAHKkfd0=
github.com/awoo-detat/werewolf v0.12.0/go.mod h1:5JXdPsW6R/2+GU5Us6NdFSbmKWxxBlKhKXGZZg2JL9U=
github.com/awoo-detat/werewolf v0.12.1 h1:GfXqtakL73JkzcZWWdsQwOygQYlX4cUkyuXkVfnzF+k=
github.com/awoo-detat/werewolf v0.12.1/go.mod h1:5JXdPsW6R/2+GU5Us6NdFSbmKWxxBlKhKXGZZg2JL9U=
github.com/awoo-detat/werewolf v0.13.1 h1:gRdlm231+9pU+ib9yapkdG89tclmEc1Xkzx3rKzgDr0=
github.com/awoo-detat/werewolf v0.13.1/go.mod h1:5JXdPsW6R/2+GU5Us6NdFSbmKWxxBlKhKXGZZg2JL9U=
github.com/awoo-detat/werewolf v0.14.0 h1:Fpk5dbwRDCHETGMONHr3gezhScwSIVXXXThMQ0BJYT0=
github.com/awoo-detat/werewolf v0.14.0/go.mod h1:5JXdPsW6R/2+GU5Us6NdFSbmKWxxBlKhKXGZZg2JL9U=
github.com/awoo-detat/werewolf v0.15.0 h1:8E45NkpJvnglv7c+h9evxby3BLwPL1q2zAJcxWbAQRs=
github.com/awoo-detat/werewolf v0.15.0/go.mod h1:5JXdPsW6R/2+GU5Us6NdFSbmKWxxBlKhKXGZZg2JL9U=
github.com/awoo-detat/werewolf v0.16.0 h1:fePxl/8hxGxztHc+ogu+3z+kTDSKRX74IGQDRwgTK+s=
github.com/awoo-detat/werewolf v0.16.0/go.mod h1:5JXdPsW6R/2+GU5Us6NdFSbmKWxxBlKhKXGZZg2JL9U=
github.com/awoo-detat/werewolf v0.17.1 h1:4p59RbhuVO9PPzgoQ+T3wjRS1RubklLmUdTul4+dA+k=
github.com/awoo-detat/werewolf v0.17.1/go.mod h1:5JXdPsW6R/2+GU5Us6NdFSbmKWxxBlKhKXGZZg2JL9U=
github.com/awoo-detat/werewolf v0.18.0 h1:hN6KEAbhSYn4fMzWUTZuOOLV0wzOqTUD5XQtdDX5F24=
github.com/awoo-detat/werewolf v0.18.0/go.mod h1:5JXdPsW6R/2+GU5Us6NdFSbmKWxxBlKhKXGZZg2JL9U=
github.com/awoo-detat/werewolf v0.19.0 h1:ScDJkUbcmSJAPYgAI9OsciRIQQ5FknQ2KzBo31QEJVY=
github.com/awoo-detat/werewolf v0.19.0/go.mod h1:5JXdPsW6R/2+GU5Us6NdFSbmKWxxBlKhKXGZZg2JL9U=
github.com/awoo-detat/werewolf v0.20.0 h1:wCJlrXY8eqv3FiE+K1KnPOkkRQ6KD6/jW1KncMmtyzE=
github.com/awoo-detat/werewolf v0.20.0/go.mod h1:5JXdPsW6R/2+GU5Us6NdFSbmKWxxBlKhKXGZZg2JL9U=
github.com/awoo-detat/werewolf v0.21.0 h1:KCGbe2JbukE5gSFhK81ahnNeKw8fFFQaCyZwwmzmmao=
github.com/awoo-detat/werewolf v0.21.0/go.mod h1:QfRMI2bEEeBT+pJLjM7bcf4gwmYF3KBKkgfsqvTNs/s=
github.com/awoo-detat/werewolf v0.22.0 h1:0bLS4N/ofNt5kxMxyhHfdDuWZyI2IFG+p0LNo1GpZUA=
github.com/awoo-detat/werewolf v0.22.0/go.mod h1:QfRMI2bEEeBT+pJLjM7bcf4gwmYF3KBKkgfsqvTNs/s=
github.com/awoo-detat/werewolf v0.23.0 h1:Qw61E5t5ZtsgacTHCCjZUtc44ghOJy9+Kku+YkDjm6o=
github.com/awoo-detat/werewolf v0.23.0/go.mod h1:QfRMI2bEEeBT+pJLjM7bcf4gwmYF3KBKkgfsqvTNs/s=
github.com/awoo-detat/werewolf v0.24.0 h1:+NGwECbKrYFHZAa9848uJ0+hpf+lkeJSohCg8TgbHVY=
github.com/awoo-detat/werewolf v0.24.0/go.mod h1:QfRMI2bEEeBT+pJLjM7bcf4gwmYF3KBKkgfsqvTNs/s=
github.com/awoo-detat/werewolf v0.25.1 h1:S2+lSxFSGTrNun/APozZOqCzAzSf0iZdaOjbBrh6JFQ=
github.com/awoo-detat/werewolf v0.25.1/go.mod h1:QfRMI2bEEeBT+pJLjM7bcf4gwmYF3KBKkgfsqvTNs/s=
github.com/awoo-detat/werewolf v0.25.2 h1:WnbMebssBGxnDKjDgv17o7YiABPsgIbqrVWG5wVmafk=
github.com/awoo-detat/werewolf v0.25.2/go.mod h1:QfRMI2bEEeBT+pJLjM7bcf4gwmYF3KBKkgfsqvTNs/s=
github.com/awoo-detat/werewolf v0.25.3 h1:ignCdt0rnefrTCVNAM8c3mvOV2QePHhRtwvpo3avUNA=
github.com/awoo-detat/werewolf v0.25.3/go.mod h1:QfRMI2bEEeBT+pJLjM7bcf4gwmYF3KBKkgfsqvTNs/s=
github.com/awoo-detat/werewolf v0.26.0 h1:TSSXLfl82GtcqDxvb+hHWM0VhZ4qalBqwcSL4Ba62B0=
github.com/awoo-detat/werewolf v0.26.0/go.mod h1:QfRMI2bEEeBT+pJLjM7bcf4gwmYF3KBKkgfsqvTNs/s=
github.com/awoo-detat/werewolf v0.26.1 h1:USiUTITCb2rexYGC/jhPHVsScmTTGAFc7shtmkoIVII=
github.com/awoo-detat/werewolf v0.26.1/go.mod h1:QfRMI2bEEeBT+pJLjM7bcf4gwmYF3KBKkgfsqvTNs/s=
github.com/awoo-detat/werewolf v0.27.0 h1:ZVNWeMm9SQ5NY7v6niXnCYcwdbI5rYSZO8el2cP7bmc=
github.com/awoo-detat/werewolf v0.27.0/go.mod h1:QfRMI2bEEeBT+pJLjM7bcf4gwmYF3KBKkgfsqvTNs/s=
github.com/awoo-detat/werewolf v0.27.1 h1:hgX8oRPiPhSS6tZ1S8z6a/q16YwVIoHmiWK8OpUWpFw=
github.com/awoo-detat/werewolf v0.27.1/go.mod h1:QfRMI2bEEeBT+pJLjM7bcf4gwmYF3KBKkgfsqvTNs/s=
github.com/awoo-detat/werewolf v0.27.2 h1:QdhDuxpxgIxl+Sc0hSBeQIJU/OBcdrsMRlRzh2lTqXE=
github.com/awoo-detat/werewolf v0.27.2/go.mod h1:QfRMI2bEEeBT+pJLjM7bcf4gwmYF3KBKkgfsqvTNs/s=
github.com/awoo-detat/werewolf v0.27.3 h1:fo9sd7bJwyWYI2DRxIULFKyxgh9M6vo2UVUOQx13iO8=
github.com/awoo-detat/werewolf v0.27.3/go.mod h1:QfRMI2bEEeBT+pJLjM7bcf4gwmYF3KBKkgfsqvTNs/s=
github.com/awoo-detat/werewolf v0.27.4 h1:ugcY+ezc7wF53mUq81n5B2myUi9ocl+xNLm6DMSBBDU=
github.com/awoo-detat/werewolf v0.27.4/go.mod h1:QfRMI2bEEeBT+pJLjM7bcf4gwmYF3KBKkgfsqvTNs/s=
github.com/awoo-detat/werewolf v0.28.0 h1:9sgJjUcbTcHAO14zMfdRGVNr+kXaghg+mEv+TMwJngg=
github.com/awoo-detat/werewolf v0.28.0/go.mod h1:QfRMI2bEEeBT+pJLjM7bcf4gwmYF3KBKkgfsqvTNs/s=
github.com/davecgh/go-spew v1.1.0/go.mod h1:J7Y8YcW2NihsgmVo/mv3lAwl/skON4iLHjSsI+c5H38=
github.com/davecgh/go-spew v1.1.1 h1:vj9j/u1bqnvCEfJOwUhtlOARqs3+rkHYY13jYWTU97c=
github.com/davecgh/go-spew v1.1.1/go.mod h1:J7Y8YcW2NihsgmVo/mv3lAwl/skON4iLHjSsI+c5H38=
github.com/deckarep/golang-set v1.7.1 h1:SCQV0S6gTtp6itiFrTqI+pfmJ4LN85S1YzhDf9rTHJQ=
github.com/deckarep/golang-set v1.7.1/go.mod h1:93vsz/8Wt4joVM7c2AVqh+YRMiUSc14yDtF28KmMOgQ=
github.com/gofrs/uuid v4.0.0+incompatible/go.mod h1:b2aQJv3Z4Fp6yNu3cdSllBxTCLRxnplIgP/c0N/04lM=
github.com/google/uuid v1.5.0 h1:1p67kYwdtXjb0gL0BPiP1Av9wiZPo5A8z2cWkTZ+eyU=
github.com/google/uuid v1.5.0/go.mod h1:TIyPZe4MgqvfeYDBFedMoGGpEw/LqOeaOT+nhxU+yHo=
github.com/google/uuid v1.6.0 h1:NIvaJDMOsjHA8n1jAhLSgzrAzy1Hgr+hNrb57e+94F0=
github.com/google/uuid v1.6.0/go.mod h1:TIyPZe4MgqvfeYDBFedMoGGpEw/LqOeaOT+nhxU+yHo=
github.com/gorilla/websocket v1.4.2/go.mod h1:YR8l580nyteQvAITg2hZ9XVh4b55+EU/adAjf1fMHhE=
github.com/gorilla/websocket v1.5.1 h1:gmztn0JnHVt9JZquRuzLw3g4wouNVzKL15iLr/zn/QY=
github.com/gorilla/websocket v1.5.1/go.mod h1:x3kM2JMyaluk02fnUJpQuwD2dCS5NDG2ZHL0uE0tcaY=
github.com/pmezard/go-difflib v1.0.0 h1:4DBwDE0NGyQoBHbLQYPwSUPoCMWR5BEzIk/f1lZbAQM=
github.com/pmezard/go-difflib v1.0.0/go.mod h1:iKH77koFhYxTK1pcRnkKkqfTogsbg7gZNVY4sRDYZ/4=
github.com/stretchr/objx v0.1.0/go.mod h1:HFkY916IF+rwdDfMAkV7OtwuqBVzrE8GR6GFx+wExME=
github.com/stretchr/objx v0.5.2 h1:xuMeJ0Sdp5ZMRXx/aWO6RZxdr3beISkG5/G/aIRr3pY=
github.com/stretchr/objx v0.5.2/go.mod h1:FRsXN1f5AsAjCGJKqEizvkpNtU+EGNCLh3NxZ/8L+MA=
github.com/stretchr/testify v1.7.0/go.mod h1:6Fq8oRcR53rry900zMqJjRRixrwX3KX962/h/Wwjteg=
github.com/stretchr/testify v1.9.0 h1:HtqpIVDClZ4nwg75+f6Lvsy/wHu+3BoSGCbBAcpTsTg=
github.com/stretchr/testify v1.9.0/go.mod h1:r2ic/lqez/lEtzL7wO/rwa5dbSLXVDPFyf8C91i36aY=
go.1password.io/spg v0.1.0 h1:FnGUGtzWZjnfpmaX/XcLrklp0sKVcyjNOI/zWDBQsyI=
go.1password.io/spg v0.1.0/go.mod h1:9gfl8IHDW8fdDalRuTgab8QclzEeVgjJa9MfVaEcWks=
golang.org/x/net v0.17.0 h1:pVaXccu2ozPjCXewfr1S7xza/zcXTity9cCdXQYSjIM=
golang.org/x/net v0.17.0/go.mod h1:NxSsAGuq816PNPmqtQdLE42eU2Fs7NoRIZrHJAlaCOE=
golang.org/x/net v0.25.0 h1:d/OCCoBEUq33pjydKrGQhw7IlUPI2Oylr+8qLx49kac=
golang.org/x/net v0.25.0/go.mod h1:JkAGAh7GEvH74S6FOH42FLoXpXbE/aqXSrIQjXgsiwM=
gopkg.in/check.v1 v0.0.0-20161208181325-20d25e280405/go.mod h1:Co6ibVJAznAaIkqp8huTwlJQCZ016jof/cbN4VW5Yz0=
gopkg.in/yaml.v3 v3.0.0-20200313102051-9f266ea9e77c/go.mod h1:K4uyk7z7BCEPqu6E+C64Yfv1cQ7kz7rIZviUmN+EgEM=
gopkg.in/yaml.v3 v3.0.1 h1:fxVm/GzAzEWqLHuvctI91KS9hhNmmWOoWu0XTYJS7CA=
gopkg.in/yaml.v3 v3.0.1/go.mod h1:K4uyk7z7BCEPqu6E+C64Yfv1cQ7kz7rIZviUmN+EgEM=
